
Microsoft Visual Studio Solution File, Format Version 12.00
# Visual Studio 14
VisualStudioVersion = 14.0.25420.1
MinimumVisualStudioVersion = 10.0.40219.1
Project("{8BC9CEB8-8B4A-11D0-8D11-00A0C91BC942}") = "StandardInjection", "StandardInjection\StandardInjection.vcxproj", "{E66753D4-616B-4356-B17E-941F00F37540}"
EndProject
Project("{8BC9CEB8-8B4A-11D0-8D11-00A0C91BC942}") = "testlib", "testlib\testlib.vcxproj", "{29A6002C-9940-4118-B39E-9D8E90C6935B}"
EndProject
Global
	GlobalSection(SolutionConfigurationPlatforms) = preSolution
		Debug|x64 = Debug|x64
		Debug|x86 = Debug|x86
		Release|x64 = Release|x64
		Release|x86 = Release|x86
	EndGlobalSection
	GlobalSection(ProjectConfigurationPlatforms) = postSolution
		{E66753D4-616B-4356-B17E-941F00F37540}.Debug|x64.ActiveCfg = Debug|x64
		{E66753D4-616B-4356-B17E-941F00F37540}.Debug|x64.Build.0 = Debug|x64
		{E66753D4-616B-4356-B17E-941F00F37540}.Debug|x86.ActiveCfg = Debug|Win32
		{E66753D4-616B-4356-B17E-941F00F37540}.Debug|x86.Build.0 = Debug|Win32
		{E66753D4-616B-4356-B17E-941F00F37540}.Release|x64.ActiveCfg = Release|x64
		{E66753D4-616B-4356-B17E-941F00F37540}.Release|x64.Build.0 = Release|x64
		{E66753D4-616B-4356-B17E-941F00F37540}.Release|x86.ActiveCfg = Release|Win32
		{E66753D4-616B-4356-B17E-941F00F37540}.Release|x86.Build.0 = Release|Win32
		{29A6002C-9940-4118-B39E-9D8E90C6935B}.Debug|x64.ActiveCfg = Debug|x64
		{29A6002C-9940-4118-B39E-9D8E90C6935B}.Debug|x64.Build.0 = Debug|x64
		{29A6002C-9940-4118-B39E-9D8E90C6935B}.Debug|x86.ActiveCfg = Debug|Win32
		{29A6002C-9940-4118-B39E-9D8E90C6935B}.Debug|x86.Build.0 = Debug|Win32
		{29A6002C-9940-4118-B39E-9D8E90C6935B}.Release|x64.ActiveCfg = Release|x64
		{29A6002C-9940-4118-B39E-9D8E90C6935B}.Release|x64.Build.0 = Release|x64
		{29A6002C-9940-4118-B39E-9D8E90C6935B}.Release|x86.ActiveCfg = Release|Win32
		{29A6002C-9940-4118-B39E-9D8E90C6935B}.Release|x86.Build.0 = Release|Win32
	EndGlobalSection
	GlobalSection(SolutionProperties) = preSolution
		HideSolutionNode = FALSE
	EndGlobalSection
EndGlobal
